<?xml version="1.0" encoding="utf-8"?>
<Project ToolsVersion="4.0" xmlns="http://schemas.microsoft.com/developer/msbuild/2003">
  <ItemGroup>
    <Filter Include="源文件">
      <UniqueIdentifier>{4FC737F1-C7A5-4376-A066-2A32D752A2FF}</UniqueIdentifier>
      <Extensions>cpp;c;cc;cxx;def;odl;idl;hpj;bat;asm;asmx</Extensions>
    </Filter>
    <Filter Include="源文件\提高">
      <UniqueIdentifier>{cdb3ccf3-839b-4f9b-b8c6-8ec2eccc744e}</UniqueIdentifier>
    </Filter>
  </ItemGroup>
  <ItemGroup>
    <ClCompile Include="蓝桥.cpp">
      <Filter>源文件</Filter>
    </ClCompile>
    <ClCompile Include="基础.cpp">
      <Filter>源文件</Filter>
    </ClCompile>
    <ClCompile Include="算法.cpp">
      <Filter>源文件</Filter>
    </ClCompile>
    <ClCompile Include="进制转化.cpp">
      <Filter>源文件</Filter>
    </ClCompile>
    <ClCompile Include="作业.cpp">
      <Filter>源文件</Filter>
    </ClCompile>
    <ClCompile Include="P1001.cpp">
      <Filter>源文件\提高</Filter>
    </ClCompile>
  </ItemGroup>
</Project>